
Microsoft Visual Studio Solution File, Format Version 12.00
# Visual Studio Version 17
VisualStudioVersion = 17.0.31903.59
MinimumVisualStudioVersion = 10.0.40219.1
Project("{2150E333-8FDC-42A3-9474-1A3956D46DE8}") = "src", "src", "{928C6FFB-178F-4AFA-888D-D203D13BFBA2}"
EndProject
Project("{FAE04EC0-301F-11D3-BF4B-00C04F79EFBC}") = "Sproom.Client", "src\Sproom.Client\Sproom.Client.csproj", "{6391E0C8-C801-44B4-B8F9-4A37B7E9EBF8}"
EndProject
Project("{2150E333-8FDC-42A3-9474-1A3956D46DE8}") = "samples", "samples", "{2AB29EAF-9F51-455A-B290-F5D2CD6E0963}"
EndProject
Project("{FAE04EC0-301F-11D3-BF4B-00C04F79EFBC}") = "Sproom.Client.Demo", "samples\Sproom.Client.Demo\Sproom.Client.Demo.csproj", "{B6453897-26A2-415A-B0EB-523D96240319}"
EndProject
Global
	GlobalSection(SolutionConfigurationPlatforms) = preSolution
		Debug|Any CPU = Debug|Any CPU
		Release|Any CPU = Release|Any CPU
	EndGlobalSection
	GlobalSection(SolutionProperties) = preSolution
		HideSolutionNode = FALSE
	EndGlobalSection
	GlobalSection(ProjectConfigurationPlatforms) = postSolution
		{6391E0C8-C801-44B4-B8F9-4A37B7E9EBF8}.Debug|Any CPU.ActiveCfg = Debug|Any CPU
		{6391E0C8-C801-44B4-B8F9-4A37B7E9EBF8}.Debug|Any CPU.Build.0 = Debug|Any CPU
		{6391E0C8-C801-44B4-B8F9-4A37B7E9EBF8}.Release|Any CPU.ActiveCfg = Release|Any CPU
		{6391E0C8-C801-44B4-B8F9-4A37B7E9EBF8}.Release|Any CPU.Build.0 = Release|Any CPU
		{B6453897-26A2-415A-B0EB-523D96240319}.Debug|Any CPU.ActiveCfg = Debug|Any CPU
		{B6453897-26A2-415A-B0EB-523D96240319}.Debug|Any CPU.Build.0 = Debug|Any CPU
		{B6453897-26A2-415A-B0EB-523D96240319}.Release|Any CPU.ActiveCfg = Release|Any CPU
		{B6453897-26A2-415A-B0EB-523D96240319}.Release|Any CPU.Build.0 = Release|Any CPU
	EndGlobalSection
	GlobalSection(NestedProjects) = preSolution
		{6391E0C8-C801-44B4-B8F9-4A37B7E9EBF8} = {928C6FFB-178F-4AFA-888D-D203D13BFBA2}
		{B6453897-26A2-415A-B0EB-523D96240319} = {2AB29EAF-9F51-455A-B290-F5D2CD6E0963}
	EndGlobalSection
EndGlobal
